// !$*UTF8*$!
{
	archiveVersion = 1;
	classes = {
	};
	objectVersion = 50;
	objects = {

/* Begin PBXBuildFile section */
		EB20F3D926EBACAF0044A23D /* AppDelegate.swift in Sources */ = {isa = PBXBuildFile; fileRef = EB20F3D826EBACAF0044A23D /* AppDelegate.swift */; };
		EB20F3DB26EBACAF0044A23D /* SceneDelegate.swift in Sources */ = {isa = PBXBuildFile; fileRef = EB20F3DA26EBACAF0044A23D /* SceneDelegate.swift */; };
		EB20F3DD26EBACAF0044A23D /* ViewController.swift in Sources */ = {isa = PBXBuildFile; fileRef = EB20F3DC26EBACAF0044A23D /* ViewController.swift */; };
		EB20F3E026EBACAF0044A23D /* Main.storyboard in Resources */ = {isa = PBXBuildFile; fileRef = EB20F3DE26EBACAF0044A23D /* Main.storyboard */; };
		EB20F3E326EBACAF0044A23D /* HitListApp.xcdatamodeld in Sources */ = {isa = PBXBuildFile; fileRef = EB20F3E126EBACAF0044A23D /* HitListApp.xcdatamodeld */; };
		EB20F3E526EBACB00044A23D /* Assets.xcassets in Resources */ = {isa = PBXBuildFile; fileRef = EB20F3E426EBACB00044A23D /* Assets.xcassets */; };
		EB20F3E826EBACB00044A23D /* LaunchScreen.storyboard in Resources */ = {isa = PBXBuildFile; fileRef = EB20F3E626EBACB00044A23D /* LaunchScreen.storyboard */; };
/* End PBXBuildFile section */

/* Begin PBXFileReference section */
		EB20F3D526EBACAF0044A23D /* HitListApp.app */ = {isa = PBXFileReference; explicitFileType = wrapper.application; includeInIndex = 0; path = HitListApp.app; sourceTree = BUILT_PRODUCTS_DIR; };
		EB20F3D826EBACAF0044A23D /* AppDelegate.swift */ = {isa = PBXFileReference; lastKnownFileType = sourcecode.swift; path = AppDelegate.swift; sourceTree = "<group>"; };
		EB20F3DA26EBACAF0044A23D /* SceneDelegate.swift */ = {isa = PBXFileReference; lastKnownFileType = sourcecode.swift; path = SceneDelegate.swift; sourceTree = "<group>"; };
		EB20F3DC26EBACAF0044A23D /* ViewController.swift */ = {isa = PBXFileReference; lastKnownFileType = sourcecode.swift; path = ViewController.swift; sourceTree = "<group>"; };
		EB20F3DF26EBACAF0044A23D /* Base */ = {isa = PBXFileReference; lastKnownFileType = file.storyboard; name = Base; path = Base.lproj/Main.storyboard; sourceTree = "<group>"; };
		EB20F3E226EBACAF0044A23D /* HitListApp.xcdatamodel */ = {isa = PBXFileReference; lastKnownFileType = wrapper.xcdatamodel; path = HitListApp.xcdatamodel; sourceTree = "<group>"; };
		EB20F3E426EBACB00044A23D /* Assets.xcassets */ = {isa = PBXFileReference; lastKnownFileType = folder.assetcatalog; path = Assets.xcassets; sourceTree = "<group>"; };
		EB20F3E726EBACB00044A23D /* Base */ = {isa = PBXFileReference; lastKnownFileType = file.storyboard; name = Base; path = Base.lproj/LaunchScreen.storyboard; sourceTree = "<group>"; };
		EB20F3E926EBACB00044A23D /* Info.plist */ = {isa = PBXFileReference; lastKnownFileType = text.plist.xml; path = Info.plist; sourceTree = "<group>"; };
/* End PBXFileReference section */

/* Begin PBXFrameworksBuildPhase section */
		EB20F3D226EBACAF0044A23D /* Frameworks */ = {
			isa = PBXFrameworksBuildPhase;
			buildActionMask = 2147483647;
			files = (
			);
			runOnlyForDeploymentPostprocessing = 0;
		};
/* End PBXFrameworksBuildPhase section */

/* Begin PBXGroup section */
		EB20F3CC26EBACAE0044A23D = {
			isa = PBXGroup;
			children = (
				EB20F3D726EBACAF0044A23D /* HitListApp */,
				EB20F3D626EBACAF0044A23D /* Products */,
			);
			sourceTree = "<group>";
		};
		EB20F3D626EBACAF0044A23D /* Products */ = {
			isa = PBXGroup;
			children = (
				EB20F3D526EBACAF0044A23D /* HitListApp.app */,
			);
			name = Products;
			sourceTree = "<group>";
		};
		EB20F3D726EBACAF0044A23D /* HitListApp */ = {
			isa = PBXGroup;
			children = (
				EB20F3D826EBACAF0044A23D /* AppDelegate.swift */,
				EB20F3DA26EBACAF0044A23D /* SceneDelegate.swift */,
				EB20F3DC26EBACAF0044A23D /* ViewController.swift */,
				EB20F3DE26EBACAF0044A23D /* Main.storyboard */,
				EB20F3E426EBACB00044A23D /* Assets.xcassets */,
				EB20F3E626EBACB00044A23D /* LaunchScreen.storyboard */,
				EB20F3E926EBACB00044A23D /* Info.plist */,
				EB20F3E126EBACAF0044A23D /* HitListApp.xcdatamodeld */,
			);
			path = HitListApp;
			sourceTree = "<group>";
		};
/* End PBXGroup section */

/* Begin PBXNativeTarget section */
		EB20F3D426EBACAF0044A23D /* HitListApp */ = {
			isa = PBXNativeTarget;
			buildConfigurationList = EB20F3EC26EBACB00044A23D /* Build configuration list for PBXNativeTarget "HitListApp" */;
			buildPhases = (
				EB20F3D126EBACAF0044A23D /* Sources */,
				EB20F3D226EBACAF0044A23D /* Frameworks */,
				EB20F3D326EBACAF0044A23D /* Resources */,
			);
			buildRules = (
			);
			dependencies = (
			);
			name = HitListApp;
			productName = HitListApp;
			productReference = EB20F3D526EBACAF0044A23D /* HitListApp.app */;
			productType = "com.apple.product-type.application";
		};
/* End PBXNativeTarget section */

/* Begin PBXProject section */
		EB20F3CD26EBACAE0044A23D /* Project object */ = {
			isa = PBXProject;
			attributes = {
				LastSwiftUpdateCheck = 1250;
				LastUpgradeCheck = 1250;
				TargetAttributes = {
					EB20F3D426EBACAF0044A23D = {
						CreatedOnToolsVersion = 12.5.1;
					};
				};
			};
			buildConfigurationList = EB20F3D026EBACAE0044A23D /* Build configuration list for PBXProject "HitListApp" */;
			compatibilityVersion = "Xcode 9.3";
			developmentRegion = en;
			hasScannedForEncodings = 0;
			knownRegions = (
				en,
				Base,
			);
			mainGroup = EB20F3CC26EBACAE0044A23D;
			productRefGroup = EB20F3D626EBACAF0044A23D /* Products */;
			projectDirPath = "";
			projectRoot = "";
			targets = (
				EB20F3D426EBACAF0044A23D /* HitListApp */,
			);
		};
/* End PBXProject section */

/* Begin PBXResourcesBuildPhase section */
		EB20F3D326EBACAF0044A23D /* Resources */ = {
			isa = PBXResourcesBuildPhase;
			buildActionMask = 2147483647;
			files = (
				EB20F3E826EBACB00044A23D /* LaunchScreen.storyboard in Resources */,
				EB20F3E526EBACB00044A23D /* Assets.xcassets in Resources */,
				EB20F3E026EBACAF0044A23D /* Main.storyboard in Resources */,
			);
			runOnlyForDeploymentPostprocessing = 0;
		};
/* End PBXResourcesBuildPhase section */

/* Begin PBXSourcesBuildPhase section */
		EB20F3D126EBACAF0044A23D /* Sources */ = {
			isa = PBXSourcesBuildPhase;
			buildActionMask = 2147483647;
			files = (
				EB20F3DD26EBACAF0044A23D /* ViewController.swift in Sources */,
				EB20F3E326EBACAF0044A23D /* HitListApp.xcdatamodeld in Sources */,
				EB20F3D926EBACAF0044A23D /* AppDelegate.swift in Sources */,
				EB20F3DB26EBACAF0044A23D /* SceneDelegate.swift in Sources */,
			);
			runOnlyForDeploymentPostprocessing = 0;
		};
/* End PBXSourcesBuildPhase section */

/* Begin PBXVariantGroup section */
		EB20F3DE26EBACAF0044A23D /* Main.storyboard */ = {
			isa = PBXVariantGroup;
			children = (
				EB20F3DF26EBACAF0044A23D /* Base */,
			);
			name = Main.storyboard;
			sourceTree = "<group>";
		};
		EB20F3E626EBACB00044A23D /* LaunchScreen.storyboard */ = {
			isa = PBXVariantGroup;
			children = (
				EB20F3E726EBACB00044A23D /* Base */,
			);
			name = LaunchScreen.storyboard;
			sourceTree = "<group>";
		};
/* End PBXVariantGroup section */

/* Begin XCBuildConfiguration section */
		EB20F3EA26EBACB00044A23D /* Debug */ = {
			isa = XCBuildConfiguration;
			buildSettings = {
				ALWAYS_SEARCH_USER_PATHS = NO;
				CLANG_ANALYZER_NONNULL = YES;
				CLANG_ANALYZER_NUMBER_OBJECT_CONVERSION = YES_AGGRESSIVE;
				CLANG_CXX_LANGUAGE_STANDARD = "gnu++14";
				CLANG_CXX_LIBRARY = "libc++";
				CLANG_ENABLE_MODULES = YES;
				CLANG_ENABLE_OBJC_ARC = YES;
				CLANG_ENABLE_OBJC_WEAK = YES;
				CLANG_WARN_BLOCK_CAPTURE_AUTORELEASING = YES;
				CLANG_WARN_BOOL_CONVERSION = YES;
				CLANG_WARN_COMMA = YES;
				CLANG_WARN_CONSTANT_CONVERSION = YES;
				CLANG_WARN_DEPRECATED_OBJC_IMPLEMENTATIONS = YES;
				CLANG_WARN_DIRECT_OBJC_ISA_USAGE = YES_ERROR;
				CLANG_WARN_DOCUMENTATION_COMMENTS = YES;
				CLANG_WARN_EMPTY_BODY = YES;
				CLANG_WARN_ENUM_CONVERSION = YES;
				CLANG_WARN_INFINITE_RECURSION = YES;
				CLANG_WARN_INT_CONVERSION = YES;
				CLANG_WARN_NON_LITERAL_NULL_CONVERSION = YES;
				CLANG_WARN_OBJC_IMPLICIT_RETAIN_SELF = YES;
				CLANG_WARN_OBJC_LITERAL_CONVERSION = YES;
				CLANG_WARN_OBJC_ROOT_CLASS = YES_ERROR;
				CLANG_WARN_QUOTED_INCLUDE_IN_FRAMEWORK_HEADER = YES;
				CLANG_WARN_RANGE_LOOP_ANALYSIS = YES;
				CLANG_WARN_STRICT_PROTOTYPES = YES;
				CLANG_WARN_SUSPICIOUS_MOVE = YES;
				CLANG_WARN_UNGUARDED_AVAILABILITY = YES_AGGRESSIVE;
				CLANG_WARN_UNREACHABLE_CODE = YES;
				CLANG_WARN__DUPLICATE_METHOD_MATCH = YES;
				COPY_PHASE_STRIP = NO;
				DEBUG_INFORMATION_FORMAT = dwarf;
				ENABLE_STRICT_OBJC_MSGSEND = YES;
				ENABLE_TESTABILITY = YES;
				GCC_C_LANGUAGE_STANDARD = gnu11;
				GCC_DYNAMIC_NO_PIC = NO;
				GCC_NO_COMMON_BLOCKS = YES;
				GCC_OPTIMIZATION_LEVEL = 0;
				GCC_PREPROCESSOR_DEFINITIONS = (
					"DEBUG=1",
					"$(inherited)",
				);
				GCC_WARN_64_TO_32_BIT_CONVERSION = YES;
				GCC_WARN_ABOUT_RETURN_TYPE = YES_ERROR;
				GCC_WARN_UNDECLARED_SELECTOR = YES;
				GCC_WARN_UNINITIALIZED_AUTOS = YES_AGGRESSIVE;
				GCC_WARN_UNUSED_FUNCTION = YES;
				GCC_WARN_UNUSED_VARIABLE = YES;
				IPHONEOS_DEPLOYMENT_TARGET = 14.5;
				MTL_ENABLE_DEBUG_INFO = INCLUDE_SOURCE;
				MTL_FAST_MATH = YES;
				ONLY_ACTIVE_ARCH = YES;
				SDKROOT = iphoneos;
				SWIFT_ACTIVE_COMPILATION_CONDITIONS = DEBUG;
				SWIFT_OPTIMIZATION_LEVEL = "-Onone";
			};
			name = Debug;
		};
		EB20F3EB26EBACB00044A23D /* Release */ = {
			isa = XCBuildConfiguration;
			buildSettings = {
				ALWAYS_SEARCH_USER_PATHS = NO;
				CLANG_ANALYZER_NONNULL = YES;
				CLANG_ANALYZER_NUMBER_OBJECT_CONVERSION = YES_AGGRESSIVE;
				CLANG_CXX_LANGUAGE_STANDARD = "gnu++14";
				CLANG_CXX_LIBRARY = "libc++";
				CLANG_ENABLE_MODULES = YES;
				CLANG_ENABLE_OBJC_ARC = YES;
				CLANG_ENABLE_OBJC_WEAK = YES;
				CLANG_WARN_BLOCK_CAPTURE_AUTORELEASING = YES;
				CLANG_WARN_BOOL_CONVERSION = YES;
				CLANG_WARN_COMMA = YES;
				CLANG_WARN_CONSTANT_CONVERSION = YES;
				CLANG_WARN_DEPRECATED_OBJC_IMPLEMENTATIONS = YES;
				CLANG_WARN_DIRECT_OBJC_ISA_USAGE = YES_ERROR;
				CLANG_WARN_DOCUMENTATION_COMMENTS = YES;
				CLANG_WARN_EMPTY_BODY = YES;
				CLANG_WARN_ENUM_CONVERSION = YES;
				CLANG_WARN_INFINITE_RECURSION = YES;
				CLANG_WARN_INT_CONVERSION = YES;
				CLANG_WARN_NON_LITERAL_NULL_CONVERSION = YES;
				CLANG_WARN_OBJC_IMPLICIT_RETAIN_SELF = YES;
				CLANG_WARN_OBJC_LITERAL_CONVERSION = YES;
				CLANG_WARN_OBJC_ROOT_CLASS = YES_ERROR;
				CLANG_WARN_QUOTED_INCLUDE_IN_FRAMEWORK_HEADER = YES;
				CLANG_WARN_RANGE_LOOP_ANALYSIS = YES;
				CLANG_WARN_STRICT_PROTOTYPES = YES;
				CLANG_WARN_SUSPICIOUS_MOVE = YES;
				CLANG_WARN_UNGUARDED_AVAILABILITY = YES_AGGRESSIVE;
				CLANG_WARN_UNREACHABLE_CODE = YES;
				CLANG_WARN__DUPLICATE_METHOD_MATCH = YES;
				COPY_PHASE_STRIP = NO;
				DEBUG_INFORMATION_FORMAT = "dwarf-with-dsym";
				ENABLE_NS_ASSERTIONS = NO;
				ENABLE_STRICT_OBJC_MSGSEND = YES;
				GCC_C_LANGUAGE_STANDARD = gnu11;
				GCC_NO_COMMON_BLOCKS = YES;
				GCC_WARN_64_TO_32_BIT_CONVERSION = YES;
				GCC_WARN_ABOUT_RETURN_TYPE = YES_ERROR;
				GCC_WARN_UNDECLARED_SELECTOR = YES;
				GCC_WARN_UNINITIALIZED_AUTOS = YES_AGGRESSIVE;
				GCC_WARN_UNUSED_FUNCTION = YES;
				GCC_WARN_UNUSED_VARIABLE = YES;
				IPHONEOS_DEPLOYMENT_TARGET = 14.5;
				MTL_ENABLE_DEBUG_INFO = NO;
				MTL_FAST_MATH = YES;
				SDKROOT = iphoneos;
				SWIFT_COMPILATION_MODE = wholemodule;
				SWIFT_OPTIMIZATION_LEVEL = "-O";
				VALIDATE_PRODUCT = YES;
			};
			name = Release;
		};
		EB20F3ED26EBACB00044A23D /* Debug */ = {
			isa = XCBuildConfiguration;
			buildSettings = {
				ASSETCATALOG_COMPILER_APPICON_NAME = AppIcon;
				ASSETCATALOG_COMPILER_GLOBAL_ACCENT_COLOR_NAME = AccentColor;
				CODE_SIGN_STYLE = Automatic;
				DEVELOPMENT_TEAM = D3DQBSL33L;
				INFOPLIST_FILE = HitListApp/Info.plist;
				LD_RUNPATH_SEARCH_PATHS = (
					"$(inherited)",
					"@executable_path/Frameworks",
				);
				PRODUCT_BUNDLE_IDENTIFIER = LambtonCollege.HitListApp;
				PRODUCT_NAME = "$(TARGET_NAME)";
				SWIFT_VERSION = 5.0;
				TARGETED_DEVICE_FAMILY = "1,2";
			};
			name = Debug;
		};
		EB20F3EE26EBACB00044A23D /* Release */ = {
			isa = XCBuildConfiguration;
			buildSettings = {
				ASSETCATALOG_COMPILER_APPICON_NAME = AppIcon;
				ASSETCATALOG_COMPILER_GLOBAL_ACCENT_COLOR_NAME = AccentColor;
				CODE_SIGN_STYLE = Automatic;
				DEVELOPMENT_TEAM = D3DQBSL33L;
				INFOPLIST_FILE = HitListApp/Info.plist;
				LD_RUNPATH_SEARCH_PATHS = (
					"$(inherited)",
					"@executable_path/Frameworks",
				);
				PRODUCT_BUNDLE_IDENTIFIER = LambtonCollege.HitListApp;
				PRODUCT_NAME = "$(TARGET_NAME)";
				SWIFT_VERSION = 5.0;
				TARGETED_DEVICE_FAMILY = "1,2";
			};
			name = Release;
		};
/* End XCBuildConfiguration section */

/* Begin XCConfigurationList section */
		EB20F3D026EBACAE0044A23D /* Build configuration list for PBXProject "HitListApp" */ = {
			isa = XCConfigurationList;
			buildConfigurations = (
				EB20F3EA26EBACB00044A23D /* Debug */,
				EB20F3EB26EBACB00044A23D /* Release */,
			);
			defaultConfigurationIsVisible = 0;
			defaultConfigurationName = Release;
		};
		EB20F3EC26EBACB00044A23D /* Build configuration list for PBXNativeTarget "HitListApp" */ = {
			isa = XCConfigurationList;
			buildConfigurations = (
				EB20F3ED26EBACB00044A23D /* Debug */,
				EB20F3EE26EBACB00044A23D /* Release */,
			);
			defaultConfigurationIsVisible = 0;
			defaultConfigurationName = Release;
		};
/* End XCConfigurationList section */

/* Begin XCVersionGroup section */
		EB20F3E126EBACAF0044A23D /* HitListApp.xcdatamodeld */ = {
			isa = XCVersionGroup;
			children = (
				EB20F3E226EBACAF0044A23D /* HitListApp.xcdatamodel */,
			);
			currentVersion = EB20F3E226EBACAF0044A23D /* HitListApp.xcdatamodel */;
			path = HitListApp.xcdatamodeld;
			sourceTree = "<group>";
			versionGroupType = wrapper.xcdatamodel;
		};
/* End XCVersionGroup section */
	};
	rootObject = EB20F3CD26EBACAE0044A23D /* Project object */;
}
